
Microsoft Visual Studio Solution File, Format Version 12.00
# Visual Studio 15
VisualStudioVersion = 15.0.27703.2018
MinimumVisualStudioVersion = 10.0.40219.1
Project("{FAE04EC0-301F-11D3-BF4B-00C04F79EFBC}") = "TvMazeScraper", "TvMazeScraper\TvMazeScraper.csproj", "{84C149F5-0B06-4A08-8B37-34EEB3453FF2}"
EndProject
Project("{FAE04EC0-301F-11D3-BF4B-00C04F79EFBC}") = "Rtl.Api", "Rtl.Api\Rtl.Api.csproj", "{E2DA2FB4-411D-4880-A5A4-88638AC48FBA}"
EndProject
Project("{FAE04EC0-301F-11D3-BF4B-00C04F79EFBC}") = "TvMazeScrapper.Core", "TvMazeScrapper.Core\TvMazeScrapper.Core.csproj", "{846A3049-A9C4-4919-B16D-232472751E46}"
EndProject
Global
	GlobalSection(SolutionConfigurationPlatforms) = preSolution
		Debug|Any CPU = Debug|Any CPU
		Release|Any CPU = Release|Any CPU
	EndGlobalSection
	GlobalSection(ProjectConfigurationPlatforms) = postSolution
		{84C149F5-0B06-4A08-8B37-34EEB3453FF2}.Debug|Any CPU.ActiveCfg = Debug|Any CPU
		{84C149F5-0B06-4A08-8B37-34EEB3453FF2}.Debug|Any CPU.Build.0 = Debug|Any CPU
		{84C149F5-0B06-4A08-8B37-34EEB3453FF2}.Release|Any CPU.ActiveCfg = Release|Any CPU
		{84C149F5-0B06-4A08-8B37-34EEB3453FF2}.Release|Any CPU.Build.0 = Release|Any CPU
		{E2DA2FB4-411D-4880-A5A4-88638AC48FBA}.Debug|Any CPU.ActiveCfg = Debug|Any CPU
		{E2DA2FB4-411D-4880-A5A4-88638AC48FBA}.Debug|Any CPU.Build.0 = Debug|Any CPU
		{E2DA2FB4-411D-4880-A5A4-88638AC48FBA}.Release|Any CPU.ActiveCfg = Release|Any CPU
		{E2DA2FB4-411D-4880-A5A4-88638AC48FBA}.Release|Any CPU.Build.0 = Release|Any CPU
		{846A3049-A9C4-4919-B16D-232472751E46}.Debug|Any CPU.ActiveCfg = Debug|Any CPU
		{846A3049-A9C4-4919-B16D-232472751E46}.Debug|Any CPU.Build.0 = Debug|Any CPU
		{846A3049-A9C4-4919-B16D-232472751E46}.Release|Any CPU.ActiveCfg = Release|Any CPU
		{846A3049-A9C4-4919-B16D-232472751E46}.Release|Any CPU.Build.0 = Release|Any CPU
	EndGlobalSection
	GlobalSection(SolutionProperties) = preSolution
		HideSolutionNode = FALSE
	EndGlobalSection
	GlobalSection(ExtensibilityGlobals) = postSolution
		SolutionGuid = {1263CF04-6553-4DF5-A5D9-71A266C7562E}
	EndGlobalSection
EndGlobal
